
Microsoft Visual Studio Solution File, Format Version 12.00
# Visual Studio Version 16
VisualStudioVersion = 16.0.30611.23
MinimumVisualStudioVersion = 10.0.40219.1
Project("{8BC9CEB8-8B4A-11D0-8D11-00A0C91BC942}") = "Task_1", "IndividWork_1\IndividWork_1.vcxproj", "{AE53A307-9B36-4E1C-8A2D-2053AEA1EA25}"
EndProject
Project("{8BC9CEB8-8B4A-11D0-8D11-00A0C91BC942}") = "UnitTest", "UnitTest\UnitTest.vcxproj", "{09426066-4660-45CB-9DBD-A61EB4AD0FF4}"
EndProject
Global
	GlobalSection(SolutionConfigurationPlatforms) = preSolution
		Debug|x64 = Debug|x64
		Debug|x86 = Debug|x86
		Release|x64 = Release|x64
		Release|x86 = Release|x86
	EndGlobalSection
	GlobalSection(ProjectConfigurationPlatforms) = postSolution
		{AE53A307-9B36-4E1C-8A2D-2053AEA1EA25}.Debug|x64.ActiveCfg = Debug|x64
		{AE53A307-9B36-4E1C-8A2D-2053AEA1EA25}.Debug|x64.Build.0 = Debug|x64
		{AE53A307-9B36-4E1C-8A2D-2053AEA1EA25}.Debug|x86.ActiveCfg = Debug|Win32
		{AE53A307-9B36-4E1C-8A2D-2053AEA1EA25}.Debug|x86.Build.0 = Debug|Win32
		{AE53A307-9B36-4E1C-8A2D-2053AEA1EA25}.Release|x64.ActiveCfg = Release|x64
		{AE53A307-9B36-4E1C-8A2D-2053AEA1EA25}.Release|x64.Build.0 = Release|x64
		{AE53A307-9B36-4E1C-8A2D-2053AEA1EA25}.Release|x86.ActiveCfg = Release|Win32
		{AE53A307-9B36-4E1C-8A2D-2053AEA1EA25}.Release|x86.Build.0 = Release|Win32
		{09426066-4660-45CB-9DBD-A61EB4AD0FF4}.Debug|x64.ActiveCfg = Debug|x64
		{09426066-4660-45CB-9DBD-A61EB4AD0FF4}.Debug|x64.Build.0 = Debug|x64
		{09426066-4660-45CB-9DBD-A61EB4AD0FF4}.Debug|x86.ActiveCfg = Debug|Win32
		{09426066-4660-45CB-9DBD-A61EB4AD0FF4}.Debug|x86.Build.0 = Debug|Win32
		{09426066-4660-45CB-9DBD-A61EB4AD0FF4}.Release|x64.ActiveCfg = Release|x64
		{09426066-4660-45CB-9DBD-A61EB4AD0FF4}.Release|x64.Build.0 = Release|x64
		{09426066-4660-45CB-9DBD-A61EB4AD0FF4}.Release|x86.ActiveCfg = Release|Win32
		{09426066-4660-45CB-9DBD-A61EB4AD0FF4}.Release|x86.Build.0 = Release|Win32
	EndGlobalSection
	GlobalSection(SolutionProperties) = preSolution
		HideSolutionNode = FALSE
	EndGlobalSection
	GlobalSection(ExtensibilityGlobals) = postSolution
		SolutionGuid = {98949B52-A57B-41E8-B065-80B9D67577D4}
	EndGlobalSection
EndGlobal
